# This file is generated by running "yarn install" inside your project.
# Manual changes might be lost - proceed with caution!

__metadata:
  version: 8
  cacheKey: 10

"@favware/cliff-jumper@npm:^3.0.1":
  version: 3.0.1
  resolution: "@favware/cliff-jumper@npm:3.0.1"
  dependencies:
    "@favware/colorette-spinner": "npm:^1.0.1"
    "@sapphire/result": "npm:^2.6.6"
    "@sapphire/utilities": "npm:3.15.3"
    colorette: "npm:^2.0.20"
    commander: "npm:^12.0.0"
    compare-func: "npm:^2.0.0"
    conventional-recommended-bump: "npm:^9.0.0"
    execa: "npm:^8.0.1"
    git-cliff: "npm:^2.1.2"
    js-yaml: "npm:^4.1.0"
    semver: "npm:^7.6.0"
  bin:
    cj: ./dist/cli.js
    cliff-jumper: ./dist/cli.js
  checksum: 10/7c9f6fd120d194ebfb1a9ab0fb95570a7624428e151628accd1ad6efcbf15ed9d5cc33de5bcfd08a53cd5dd36c6f6c6575ace9c4397a030cac9da2c9787218db
  languageName: node
  linkType: hard

"@favware/colorette-spinner@npm:^1.0.1":
  version: 1.0.1
  resolution: "@favware/colorette-spinner@npm:1.0.1"
  dependencies:
    colorette: "npm:*"
  checksum: 10/2dc46f83c38eadddee622586234fb0c523e461ac123e18156d9563eb06941dcfaddb7caf1b985377daed1e0024fb170e28ed2269e91e737ea56287272c5de921
  languageName: node
  linkType: hard

"@favware/skip-dependency@workspace:.":
  version: 0.0.0-use.local
  resolution: "@favware/skip-dependency@workspace:."
  dependencies:
    "@favware/cliff-jumper": "npm:^3.0.1"
  languageName: unknown
  linkType: soft

"@sapphire/result@npm:^2.6.6":
  version: 2.6.6
  resolution: "@sapphire/result@npm:2.6.6"
  checksum: 10/1847a4c911b0dcaa2d037548e06b4a206bb1f31f9cdb6d84c2e054979a6ac4a0b8348402d118aa4a8b841f9518cb6e10575224f96cbf0b68410bcb8eae7ab014
  languageName: node
  linkType: hard

"@sapphire/utilities@npm:3.15.3":
  version: 3.15.3
  resolution: "@sapphire/utilities@npm:3.15.3"
  checksum: 10/966db788486c01719d3d54cf00eccbc378fcd79f143c994480644f3af4dd22daa65f5e9ea7da6af0973d9730e5d10b762eaf391770d746278023fd012438eb13
  languageName: node
  linkType: hard

"JSONStream@npm:^1.3.5":
  version: 1.3.5
  resolution: "JSONStream@npm:1.3.5"
  dependencies:
    jsonparse: "npm:^1.2.0"
    through: "npm:>=2.2.7 <3"
  bin:
    JSONStream: ./bin.js
  checksum: 10/e30daf7b9b2da23076181d9a0e4bec33bc1d97e8c0385b949f1b16ba3366a1d241ec6f077850c01fe32379b5ebb8b96b65496984bc1545a93a5150bf4c267439
  languageName: node
  linkType: hard

"argparse@npm:^2.0.1":
  version: 2.0.1
  resolution: "argparse@npm:2.0.1"
  checksum: 10/18640244e641a417ec75a9bd38b0b2b6b95af5199aa241b131d4b2fb206f334d7ecc600bd194861610a5579084978bfcbb02baa399dbe442d56d0ae5e60dbaef
  languageName: node
  linkType: hard

"array-ify@npm:^1.0.0":
  version: 1.0.0
  resolution: "array-ify@npm:1.0.0"
  checksum: 10/c0502015b319c93dd4484f18036bcc4b654eb76a4aa1f04afbcef11ac918859bb1f5d71ba1f0f1141770db9eef1a4f40f1761753650873068010bbf7bcdae4a4
  languageName: node
  linkType: hard

"colorette@npm:*, colorette@npm:^2.0.20":
  version: 2.0.20
  resolution: "colorette@npm:2.0.20"
  checksum: 10/0b8de48bfa5d10afc160b8eaa2b9938f34a892530b2f7d7897e0458d9535a066e3998b49da9d21161c78225b272df19ae3a64d6df28b4c9734c0e55bbd02406f
  languageName: node
  linkType: hard

"commander@npm:^12.0.0":
  version: 12.0.0
  resolution: "commander@npm:12.0.0"
  checksum: 10/62062e2ffe6abd5aa42a551e62fd5eb9b2620f6ac4299382b2aa9fb02f95cda0242d7e84acb890479bd6491edb805f7f91aecb5b4f5c70dc57df49ed7f02ef14
  languageName: node
  linkType: hard

"compare-func@npm:^2.0.0":
  version: 2.0.0
  resolution: "compare-func@npm:2.0.0"
  dependencies:
    array-ify: "npm:^1.0.0"
    dot-prop: "npm:^5.1.0"
  checksum: 10/fb71d70632baa1e93283cf9d80f30ac97f003aabee026e0b4426c9716678079ef5fea7519b84d012cbed938c476493866a38a79760564a9e21ae9433e40e6f0d
  languageName: node
  linkType: hard

"conventional-changelog-preset-loader@npm:^4.1.0":
  version: 4.1.0
  resolution: "conventional-changelog-preset-loader@npm:4.1.0"
  checksum: 10/8813c34884a9e3f4be9f3a9ffa216012ee40ef8c0eb1593a70fa8ab906e08de09cab9e0b769b187a43456dbcb24b01a517b3798ebc5b8b9264af2e32c976d9c9
  languageName: node
  linkType: hard

"conventional-commits-filter@npm:^4.0.0":
  version: 4.0.0
  resolution: "conventional-commits-filter@npm:4.0.0"
  checksum: 10/46d2d90531f024d596f61d353876276e5357adb5c4684e042467bb7d159feb0a2831b74656bd3038ac9ec38d99b0b24ac39f319ad511861e1299c4cdfb5a119a
  languageName: node
  linkType: hard

"conventional-commits-parser@npm:^5.0.0":
  version: 5.0.0
  resolution: "conventional-commits-parser@npm:5.0.0"
  dependencies:
    JSONStream: "npm:^1.3.5"
    is-text-path: "npm:^2.0.0"
    meow: "npm:^12.0.1"
    split2: "npm:^4.0.0"
  bin:
    conventional-commits-parser: cli.mjs
  checksum: 10/3b56a9313127f18c56b7fc0fdb0c49d2184ec18e0574e64580a0d5a3c3e0f3eecfb8bc3131dce967bfe9fd27debd5f42b7fc1f09e8e541e688e1dd2b57f49278
  languageName: node
  linkType: hard

"conventional-recommended-bump@npm:^9.0.0":
  version: 9.0.0
  resolution: "conventional-recommended-bump@npm:9.0.0"
  dependencies:
    conventional-changelog-preset-loader: "npm:^4.1.0"
    conventional-commits-filter: "npm:^4.0.0"
    conventional-commits-parser: "npm:^5.0.0"
    git-raw-commits: "npm:^4.0.0"
    git-semver-tags: "npm:^7.0.0"
    meow: "npm:^12.0.1"
  bin:
    conventional-recommended-bump: cli.mjs
  checksum: 10/a24350a2e1633bf22da884933bd0fffe750547fa9df51d8d3aeaacf5d0447f12d9bc8bf994294b945c6c79beecdfc491f47b5e07d20ebacc663c48c057344b71
  languageName: node
  linkType: hard

"cross-spawn@npm:^7.0.3":
  version: 7.0.3
  resolution: "cross-spawn@npm:7.0.3"
  dependencies:
    path-key: "npm:^3.1.0"
    shebang-command: "npm:^2.0.0"
    which: "npm:^2.0.1"
  checksum: 10/e1a13869d2f57d974de0d9ef7acbf69dc6937db20b918525a01dacb5032129bd552d290d886d981e99f1b624cb03657084cc87bd40f115c07ecf376821c729ce
  languageName: node
  linkType: hard

"dargs@npm:^8.0.0":
  version: 8.1.0
  resolution: "dargs@npm:8.1.0"
  checksum: 10/33f1b8f5f08e72c8a28355a87c0e1a9b6a0fec99252ecd9cf4735e65dd5f2e19747c860251ed5747b38e7204c7915fd7a7146aee5aaef5882c69169aae8b1d09
  languageName: node
  linkType: hard

"dot-prop@npm:^5.1.0":
  version: 5.3.0
  resolution: "dot-prop@npm:5.3.0"
  dependencies:
    is-obj: "npm:^2.0.0"
  checksum: 10/33b2561617bd5c73cf9305368ba4638871c5dbf9c8100c8335acd2e2d590a81ec0e75c11cfaea5cc3cf8c2f668cad4beddb52c11856d0c9e666348eee1baf57a
  languageName: node
  linkType: hard

"execa@npm:^8.0.1":
  version: 8.0.1
  resolution: "execa@npm:8.0.1"
  dependencies:
    cross-spawn: "npm:^7.0.3"
    get-stream: "npm:^8.0.1"
    human-signals: "npm:^5.0.0"
    is-stream: "npm:^3.0.0"
    merge-stream: "npm:^2.0.0"
    npm-run-path: "npm:^5.1.0"
    onetime: "npm:^6.0.0"
    signal-exit: "npm:^4.1.0"
    strip-final-newline: "npm:^3.0.0"
  checksum: 10/d2ab5fe1e2bb92b9788864d0713f1fce9a07c4594e272c0c97bc18c90569897ab262e4ea58d27a694d288227a2e24f16f5e2575b44224ad9983b799dc7f1098d
  languageName: node
  linkType: hard

"get-stream@npm:^8.0.1":
  version: 8.0.1
  resolution: "get-stream@npm:8.0.1"
  checksum: 10/dde5511e2e65a48e9af80fea64aff11b4921b14b6e874c6f8294c50975095af08f41bfb0b680c887f28b566dd6ec2cb2f960f9d36a323359be324ce98b766e9e
  languageName: node
  linkType: hard

"git-cliff-darwin-arm64@npm:2.1.2":
  version: 2.1.2
  resolution: "git-cliff-darwin-arm64@npm:2.1.2"
  conditions: os=darwin & cpu=arm64
  languageName: node
  linkType: hard

"git-cliff-darwin-x64@npm:2.1.2":
  version: 2.1.2
  resolution: "git-cliff-darwin-x64@npm:2.1.2"
  conditions: os=darwin & cpu=x64
  languageName: node
  linkType: hard

"git-cliff-linux-arm64@npm:2.1.2":
  version: 2.1.2
  resolution: "git-cliff-linux-arm64@npm:2.1.2"
  conditions: os=linux & cpu=arm64
  languageName: node
  linkType: hard

"git-cliff-linux-x64@npm:2.1.2":
  version: 2.1.2
  resolution: "git-cliff-linux-x64@npm:2.1.2"
  conditions: os=linux & cpu=x64
  languageName: node
  linkType: hard

"git-cliff-windows-arm64@npm:2.1.2":
  version: 2.1.2
  resolution: "git-cliff-windows-arm64@npm:2.1.2"
  conditions: os=win32 & cpu=arm64
  languageName: node
  linkType: hard

"git-cliff-windows-x64@npm:2.1.2":
  version: 2.1.2
  resolution: "git-cliff-windows-x64@npm:2.1.2"
  conditions: os=win32 & cpu=x64
  languageName: node
  linkType: hard

"git-cliff@npm:^2.1.2":
  version: 2.1.2
  resolution: "git-cliff@npm:2.1.2"
  dependencies:
    execa: "npm:^8.0.1"
    git-cliff-darwin-arm64: "npm:2.1.2"
    git-cliff-darwin-x64: "npm:2.1.2"
    git-cliff-linux-arm64: "npm:2.1.2"
    git-cliff-linux-x64: "npm:2.1.2"
    git-cliff-windows-arm64: "npm:2.1.2"
    git-cliff-windows-x64: "npm:2.1.2"
  dependenciesMeta:
    git-cliff-darwin-arm64:
      optional: true
    git-cliff-darwin-x64:
      optional: true
    git-cliff-linux-arm64:
      optional: true
    git-cliff-linux-x64:
      optional: true
    git-cliff-windows-arm64:
      optional: true
    git-cliff-windows-x64:
      optional: true
  bin:
    git-cliff: lib/cli/cli.js
  checksum: 10/71a20d1cfcdb1002e20f8c7dfe8556e75387009c6dbd670570d5c0fa6d67a05fdc4071793ccb629484db8a5740ecf075001b3117e99230c41c1c0dadf332fe21
  languageName: node
  linkType: hard

"git-raw-commits@npm:^4.0.0":
  version: 4.0.0
  resolution: "git-raw-commits@npm:4.0.0"
  dependencies:
    dargs: "npm:^8.0.0"
    meow: "npm:^12.0.1"
    split2: "npm:^4.0.0"
  bin:
    git-raw-commits: cli.mjs
  checksum: 10/95546f4afcb33cf00ff638f7fec55ad61d4d927447737900e1f6fcbbdbb341b3f150908424cc62acb6d9faaea6f1e8f55d0697b899f0589af9d2733afb20abfb
  languageName: node
  linkType: hard

"git-semver-tags@npm:^7.0.0":
  version: 7.0.1
  resolution: "git-semver-tags@npm:7.0.1"
  dependencies:
    meow: "npm:^12.0.1"
    semver: "npm:^7.5.2"
  bin:
    git-semver-tags: cli.mjs
  checksum: 10/07b8a352bd28ad7678a2e12c91b11b5e53aff017420497bbb1cba0645e609f58d0a7d02d5f2ea6c7cd3019d7631ce7737f64cc90c47d944753c6bd2a36c03211
  languageName: node
  linkType: hard

"human-signals@npm:^5.0.0":
  version: 5.0.0
  resolution: "human-signals@npm:5.0.0"
  checksum: 10/30f8870d831cdcd2d6ec0486a7d35d49384996742052cee792854273fa9dd9e7d5db06bb7985d4953e337e10714e994e0302e90dc6848069171b05ec836d65b0
  languageName: node
  linkType: hard

"is-obj@npm:^2.0.0":
  version: 2.0.0
  resolution: "is-obj@npm:2.0.0"
  checksum: 10/c9916ac8f4621962a42f5e80e7ffdb1d79a3fab7456ceaeea394cd9e0858d04f985a9ace45be44433bf605673c8be8810540fe4cc7f4266fc7526ced95af5a08
  languageName: node
  linkType: hard

"is-stream@npm:^3.0.0":
  version: 3.0.0
  resolution: "is-stream@npm:3.0.0"
  checksum: 10/172093fe99119ffd07611ab6d1bcccfe8bc4aa80d864b15f43e63e54b7abc71e779acd69afdb854c4e2a67fdc16ae710e370eda40088d1cfc956a50ed82d8f16
  languageName: node
  linkType: hard

"is-text-path@npm:^2.0.0":
  version: 2.0.0
  resolution: "is-text-path@npm:2.0.0"
  dependencies:
    text-extensions: "npm:^2.0.0"
  checksum: 10/e26ade26a6aa6b26c3f00c913871c3c1ceb5a2a5ca4380aac3f0e092b151ad8e2ce4cee1060fb7a13a5684fa55ce62c9df04fa7723b180c82a34ae4c0fa34adb
  languageName: node
  linkType: hard

"isexe@npm:^2.0.0":
  version: 2.0.0
  resolution: "isexe@npm:2.0.0"
  checksum: 10/7c9f715c03aff08f35e98b1fadae1b9267b38f0615d501824f9743f3aab99ef10e303ce7db3f186763a0b70a19de5791ebfc854ff884d5a8c4d92211f642ec92
  languageName: node
  linkType: hard

"js-yaml@npm:^4.1.0":
  version: 4.1.0
  resolution: "js-yaml@npm:4.1.0"
  dependencies:
    argparse: "npm:^2.0.1"
  bin:
    js-yaml: bin/js-yaml.js
  checksum: 10/c138a34a3fd0d08ebaf71273ad4465569a483b8a639e0b118ff65698d257c2791d3199e3f303631f2cb98213fa7b5f5d6a4621fd0fff819421b990d30d967140
  languageName: node
  linkType: hard

"jsonparse@npm:^1.2.0":
  version: 1.3.1
  resolution: "jsonparse@npm:1.3.1"
  checksum: 10/24531e956f0f19d79e22c157cebd81b37af3486ae22f9bc1028f8c2a4d1b70df48b168ff86f8568d9c2248182de9b6da9f50f685d5e4b9d1d2d339d2a29d15bc
  languageName: node
  linkType: hard

"lru-cache@npm:^6.0.0":
  version: 6.0.0
  resolution: "lru-cache@npm:6.0.0"
  dependencies:
    yallist: "npm:^4.0.0"
  checksum: 10/fc1fe2ee205f7c8855fa0f34c1ab0bcf14b6229e35579ec1fd1079f31d6fc8ef8eb6fd17f2f4d99788d7e339f50e047555551ebd5e434dda503696e7c6591825
  languageName: node
  linkType: hard

"meow@npm:^12.0.1":
  version: 12.1.1
  resolution: "meow@npm:12.1.1"
  checksum: 10/8594c319f4671a562c1fef584422902f1bbbad09ea49cdf9bb26dc92f730fa33398dd28a8cf34fcf14167f1d1148d05a867e50911fc4286751a4fb662fdd2dc2
  languageName: node
  linkType: hard

"merge-stream@npm:^2.0.0":
  version: 2.0.0
  resolution: "merge-stream@npm:2.0.0"
  checksum: 10/6fa4dcc8d86629705cea944a4b88ef4cb0e07656ebf223fa287443256414283dd25d91c1cd84c77987f2aec5927af1a9db6085757cb43d90eb170ebf4b47f4f4
  languageName: node
  linkType: hard

"mimic-fn@npm:^4.0.0":
  version: 4.0.0
  resolution: "mimic-fn@npm:4.0.0"
  checksum: 10/995dcece15ee29aa16e188de6633d43a3db4611bcf93620e7e62109ec41c79c0f34277165b8ce5e361205049766e371851264c21ac64ca35499acb5421c2ba56
  languageName: node
  linkType: hard

"npm-run-path@npm:^5.1.0":
  version: 5.3.0
  resolution: "npm-run-path@npm:5.3.0"
  dependencies:
    path-key: "npm:^4.0.0"
  checksum: 10/ae8e7a89da9594fb9c308f6555c73f618152340dcaae423e5fb3620026fefbec463618a8b761920382d666fa7a2d8d240b6fe320e8a6cdd54dc3687e2b659d25
  languageName: node
  linkType: hard

"onetime@npm:^6.0.0":
  version: 6.0.0
  resolution: "onetime@npm:6.0.0"
  dependencies:
    mimic-fn: "npm:^4.0.0"
  checksum: 10/0846ce78e440841335d4e9182ef69d5762e9f38aa7499b19f42ea1c4cd40f0b4446094c455c713f9adac3f4ae86f613bb5e30c99e52652764d06a89f709b3788
  languageName: node
  linkType: hard

"path-key@npm:^3.1.0":
  version: 3.1.1
  resolution: "path-key@npm:3.1.1"
  checksum: 10/55cd7a9dd4b343412a8386a743f9c746ef196e57c823d90ca3ab917f90ab9f13dd0ded27252ba49dbdfcab2b091d998bc446f6220cd3cea65db407502a740020
  languageName: node
  linkType: hard

"path-key@npm:^4.0.0":
  version: 4.0.0
  resolution: "path-key@npm:4.0.0"
  checksum: 10/8e6c314ae6d16b83e93032c61020129f6f4484590a777eed709c4a01b50e498822b00f76ceaf94bc64dbd90b327df56ceadce27da3d83393790f1219e07721d7
  languageName: node
  linkType: hard

"semver@npm:^7.5.2, semver@npm:^7.6.0":
  version: 7.6.0
  resolution: "semver@npm:7.6.0"
  dependencies:
    lru-cache: "npm:^6.0.0"
  bin:
    semver: bin/semver.js
  checksum: 10/1b41018df2d8aca5a1db4729985e8e20428c650daea60fcd16e926e9383217d00f574fab92d79612771884a98d2ee2a1973f49d630829a8d54d6570defe62535
  languageName: node
  linkType: hard

"shebang-command@npm:^2.0.0":
  version: 2.0.0
  resolution: "shebang-command@npm:2.0.0"
  dependencies:
    shebang-regex: "npm:^3.0.0"
  checksum: 10/6b52fe87271c12968f6a054e60f6bde5f0f3d2db483a1e5c3e12d657c488a15474121a1d55cd958f6df026a54374ec38a4a963988c213b7570e1d51575cea7fa
  languageName: node
  linkType: hard

"shebang-regex@npm:^3.0.0":
  version: 3.0.0
  resolution: "shebang-regex@npm:3.0.0"
  checksum: 10/1a2bcae50de99034fcd92ad4212d8e01eedf52c7ec7830eedcf886622804fe36884278f2be8be0ea5fde3fd1c23911643a4e0f726c8685b61871c8908af01222
  languageName: node
  linkType: hard

"signal-exit@npm:^4.1.0":
  version: 4.1.0
  resolution: "signal-exit@npm:4.1.0"
  checksum: 10/c9fa63bbbd7431066174a48ba2dd9986dfd930c3a8b59de9c29d7b6854ec1c12a80d15310869ea5166d413b99f041bfa3dd80a7947bcd44ea8e6eb3ffeabfa1f
  languageName: node
  linkType: hard

"split2@npm:^4.0.0":
  version: 4.2.0
  resolution: "split2@npm:4.2.0"
  checksum: 10/09bbefc11bcf03f044584c9764cd31a252d8e52cea29130950b26161287c11f519807c5e54bd9e5804c713b79c02cefe6a98f4688630993386be353e03f534ab
  languageName: node
  linkType: hard

"strip-final-newline@npm:^3.0.0":
  version: 3.0.0
  resolution: "strip-final-newline@npm:3.0.0"
  checksum: 10/23ee263adfa2070cd0f23d1ac14e2ed2f000c9b44229aec9c799f1367ec001478469560abefd00c5c99ee6f0b31c137d53ec6029c53e9f32a93804e18c201050
  languageName: node
  linkType: hard

"text-extensions@npm:^2.0.0":
  version: 2.4.0
  resolution: "text-extensions@npm:2.4.0"
  checksum: 10/9bdbc9959e004ccc86a6ec076d6c5bb6765978263e9d0d5febb640d7675c09919ea912f3fe9d50b68c3c7c43cc865610a7cb24954343abb31f74c205fbae4e45
  languageName: node
  linkType: hard

"through@npm:>=2.2.7 <3":
  version: 2.3.8
  resolution: "through@npm:2.3.8"
  checksum: 10/5da78346f70139a7d213b65a0106f3c398d6bc5301f9248b5275f420abc2c4b1e77c2abc72d218dedc28c41efb2e7c312cb76a7730d04f9c2d37d247da3f4198
  languageName: node
  linkType: hard

"which@npm:^2.0.1":
  version: 2.0.2
  resolution: "which@npm:2.0.2"
  dependencies:
    isexe: "npm:^2.0.0"
  bin:
    node-which: ./bin/node-which
  checksum: 10/4782f8a1d6b8fc12c65e968fea49f59752bf6302dc43036c3bf87da718a80710f61a062516e9764c70008b487929a73546125570acea95c5b5dcc8ac3052c70f
  languageName: node
  linkType: hard

"yallist@npm:^4.0.0":
  version: 4.0.0
  resolution: "yallist@npm:4.0.0"
  checksum: 10/4cb02b42b8a93b5cf50caf5d8e9beb409400a8a4d85e83bb0685c1457e9ac0b7a00819e9f5991ac25ffabb56a78e2f017c1acc010b3a1babfe6de690ba531abd
  languageName: node
  linkType: hard
