# This file is generated by running "yarn install" inside your project.
# Manual changes might be lost - proceed with caution!

__metadata:
  version: 8
  cacheKey: 10

"@conventional-changelog/git-client@npm:^1.0.0":
  version: 1.0.1
  resolution: "@conventional-changelog/git-client@npm:1.0.1"
  dependencies:
    "@types/semver": "npm:^7.5.5"
    semver: "npm:^7.5.2"
  peerDependencies:
    conventional-commits-filter: ^5.0.0
    conventional-commits-parser: ^6.0.0
  peerDependenciesMeta:
    conventional-commits-filter:
      optional: true
    conventional-commits-parser:
      optional: true
  checksum: 10/3f309c4a5985da8c023a5960e6e91f7abdaff55466a3d11235731ad32b173d6295e102fcfa2298b9bae442b06642872d8ee987cb218362b056e9d280345eabc9
  languageName: node
  linkType: hard

"@favware/cliff-jumper@npm:^6.0.0":
  version: 6.0.0
  resolution: "@favware/cliff-jumper@npm:6.0.0"
  dependencies:
    "@favware/colorette-spinner": "npm:^1.0.1"
    "@octokit/auth-token": "npm:^5.1.1"
    "@octokit/core": "npm:^6.1.3"
    "@octokit/plugin-retry": "npm:^7.1.2"
    "@sapphire/result": "npm:^2.7.2"
    "@sapphire/utilities": "npm:3.18.1"
    colorette: "npm:^2.0.20"
    commander: "npm:^13.0.0"
    conventional-recommended-bump: "npm:^10.0.0"
    execa: "npm:^9.5.2"
    git-cliff: "npm:^2.7.0"
    js-yaml: "npm:^4.1.0"
    semver: "npm:^7.6.3"
    smol-toml: "npm:^1.3.1"
  bin:
    cj: ./dist/cli.js
    cliff-jumper: ./dist/cli.js
  checksum: 10/a88bef1e08ad762d05fa88abfa67236a763af32f84220d1112e57b78c8aebb34ce8ea081f5f2872624cd8565ce897a423bfca602420ab086064c0577a4ab9d43
  languageName: node
  linkType: hard

"@favware/colorette-spinner@npm:^1.0.1":
  version: 1.0.1
  resolution: "@favware/colorette-spinner@npm:1.0.1"
  dependencies:
    colorette: "npm:*"
  checksum: 10/2dc46f83c38eadddee622586234fb0c523e461ac123e18156d9563eb06941dcfaddb7caf1b985377daed1e0024fb170e28ed2269e91e737ea56287272c5de921
  languageName: node
  linkType: hard

"@favware/skip-dependency@workspace:.":
  version: 0.0.0-use.local
  resolution: "@favware/skip-dependency@workspace:."
  dependencies:
    "@favware/cliff-jumper": "npm:^6.0.0"
  languageName: unknown
  linkType: soft

"@octokit/auth-token@npm:^5.0.0, @octokit/auth-token@npm:^5.1.1":
  version: 5.1.1
  resolution: "@octokit/auth-token@npm:5.1.1"
  checksum: 10/956ee8166ad1b623478ac5168529a081658bceb16e267102b149b44366a9280b5104a0346a4f1c5de12981d2dedb767f7b71d7e1b1ddd1ccb591efa8c6c06f94
  languageName: node
  linkType: hard

"@octokit/core@npm:^6.1.3":
  version: 6.1.3
  resolution: "@octokit/core@npm:6.1.3"
  dependencies:
    "@octokit/auth-token": "npm:^5.0.0"
    "@octokit/graphql": "npm:^8.1.2"
    "@octokit/request": "npm:^9.1.4"
    "@octokit/request-error": "npm:^6.1.6"
    "@octokit/types": "npm:^13.6.2"
    before-after-hook: "npm:^3.0.2"
    universal-user-agent: "npm:^7.0.0"
  checksum: 10/623b3586c987796133fa3675865f2055726b8c49f71d4044cb74e7248500514aa28d21c6ae58f5f830cb755b83633a81cdb36551b632f21efada7e046f1665bb
  languageName: node
  linkType: hard

"@octokit/endpoint@npm:^10.0.0":
  version: 10.1.1
  resolution: "@octokit/endpoint@npm:10.1.1"
  dependencies:
    "@octokit/types": "npm:^13.0.0"
    universal-user-agent: "npm:^7.0.2"
  checksum: 10/6b8991b278ba7e63ddf95e7396f54e5f1347237f11fb845322ec25101764336ed0994ccb197c449b4fd4bc00ec5b78780ccbc3a0b48ba0620dcc115027a3add1
  languageName: node
  linkType: hard

"@octokit/graphql@npm:^8.1.2":
  version: 8.1.2
  resolution: "@octokit/graphql@npm:8.1.2"
  dependencies:
    "@octokit/request": "npm:^9.1.4"
    "@octokit/types": "npm:^13.6.2"
    universal-user-agent: "npm:^7.0.0"
  checksum: 10/e769b231ef4f2825be66f950c195a4bc8f9ff1fb04271500f42c5d73ee69000cfe80b18b5e7e472b7ee992ef0d1e84849fea58b3c650891349e17b43cd4e1c14
  languageName: node
  linkType: hard

"@octokit/openapi-types@npm:^23.0.1":
  version: 23.0.1
  resolution: "@octokit/openapi-types@npm:23.0.1"
  checksum: 10/2647ae16bc410cbec930a3d7c25a166366917d7074eef505a6f89d6aa6f5c9972f30e78a4817cbcf7cef5172765db45859805cbfa89591c6175ebceaaa95d199
  languageName: node
  linkType: hard

"@octokit/plugin-retry@npm:^7.1.2":
  version: 7.1.2
  resolution: "@octokit/plugin-retry@npm:7.1.2"
  dependencies:
    "@octokit/request-error": "npm:^6.0.0"
    "@octokit/types": "npm:^13.0.0"
    bottleneck: "npm:^2.15.3"
  peerDependencies:
    "@octokit/core": ">=6"
  checksum: 10/adb2caa0785a451f86c9a25709d8f5e53ba6fac922052329a420526bba59764ecf469edc03f90397a32e1156968fe6bc2fc897fa2371a2263bacba2e559ba249
  languageName: node
  linkType: hard

"@octokit/request-error@npm:^6.0.0, @octokit/request-error@npm:^6.0.1, @octokit/request-error@npm:^6.1.6":
  version: 6.1.6
  resolution: "@octokit/request-error@npm:6.1.6"
  dependencies:
    "@octokit/types": "npm:^13.6.2"
  checksum: 10/5b4e2637c7c6ef3ce9dfb2b2a054a2b821b2b750b9ddedfef277699d774db5103bdb697717ed462d085ca66860079b5b01210ca8a855bbafeb016b1a69dd276b
  languageName: node
  linkType: hard

"@octokit/request@npm:^9.1.4":
  version: 9.1.4
  resolution: "@octokit/request@npm:9.1.4"
  dependencies:
    "@octokit/endpoint": "npm:^10.0.0"
    "@octokit/request-error": "npm:^6.0.1"
    "@octokit/types": "npm:^13.6.2"
    fast-content-type-parse: "npm:^2.0.0"
    universal-user-agent: "npm:^7.0.2"
  checksum: 10/563de466394a509cb57df6b722f134ee7320ffb69b4ce514f6806f98036e2b547ecd5dc5d464b93032622cf9f0b80f33f168a21f26e8c1dc0dcfcf4abb28ef64
  languageName: node
  linkType: hard

"@octokit/types@npm:^13.0.0, @octokit/types@npm:^13.6.2":
  version: 13.7.0
  resolution: "@octokit/types@npm:13.7.0"
  dependencies:
    "@octokit/openapi-types": "npm:^23.0.1"
  checksum: 10/2c5f42b727ee4479ffc8891c61c4a0a1668dd58deeee51bdedfc6ef0bb7dd11819441db7f8d30a946911b20804fccb15f6f7c927e87eccafb4e19e6665668968
  languageName: node
  linkType: hard

"@sapphire/result@npm:^2.7.2":
  version: 2.7.2
  resolution: "@sapphire/result@npm:2.7.2"
  checksum: 10/8456a23c1e5fa20f74ba976097dcd5358df0e962aaf89c36aefb656dbe78a8fc93478ae29de88721784b93a4a1b0cbd3780a9cd13c61d842e5e5e3b511bfd59b
  languageName: node
  linkType: hard

"@sapphire/utilities@npm:3.18.1":
  version: 3.18.1
  resolution: "@sapphire/utilities@npm:3.18.1"
  checksum: 10/e13fdc6f83d2a326dfe124a65d0db4243cd5ca636cc770d881927a5e466221065d5f241e3e7673bf133b76c2359f86e4c0b1b834485f0470e25941457ee2cb90
  languageName: node
  linkType: hard

"@sec-ant/readable-stream@npm:^0.4.1":
  version: 0.4.1
  resolution: "@sec-ant/readable-stream@npm:0.4.1"
  checksum: 10/aac89581652ac85debe7c5303451c2ebf8bf25ca25db680e4b9b73168f6940616d9a4bbe3348981827b1159b14e2f2e6af4b7bd5735cac898c12d5c51909c102
  languageName: node
  linkType: hard

"@sindresorhus/merge-streams@npm:^4.0.0":
  version: 4.0.0
  resolution: "@sindresorhus/merge-streams@npm:4.0.0"
  checksum: 10/16551c787f5328c8ef05fd9831ade64369ccc992df78deb635ec6c44af217d2f1b43f8728c348cdc4e00585ff2fad6e00d8155199cbf6b154acc45fe65cbf0aa
  languageName: node
  linkType: hard

"@types/semver@npm:^7.5.5":
  version: 7.5.8
  resolution: "@types/semver@npm:7.5.8"
  checksum: 10/3496808818ddb36deabfe4974fd343a78101fa242c4690044ccdc3b95dcf8785b494f5d628f2f47f38a702f8db9c53c67f47d7818f2be1b79f2efb09692e1178
  languageName: node
  linkType: hard

"argparse@npm:^2.0.1":
  version: 2.0.1
  resolution: "argparse@npm:2.0.1"
  checksum: 10/18640244e641a417ec75a9bd38b0b2b6b95af5199aa241b131d4b2fb206f334d7ecc600bd194861610a5579084978bfcbb02baa399dbe442d56d0ae5e60dbaef
  languageName: node
  linkType: hard

"before-after-hook@npm:^3.0.2":
  version: 3.0.2
  resolution: "before-after-hook@npm:3.0.2"
  checksum: 10/57dfee78930276a740559552460a83f31c605e0164f02f170f71352aa1f4f5fb2c1632ac3bcba06ba711c32bd88b7e3c82431428e0c4984fbd2336faa78cf08c
  languageName: node
  linkType: hard

"bottleneck@npm:^2.15.3":
  version: 2.19.5
  resolution: "bottleneck@npm:2.19.5"
  checksum: 10/ffb982185236fc42b135f88eb3cfc8b87c4307fb9c3e3658e843ed673ad1c77780b65a01ab532f9857fa0f75ad4d6c1857985b21c9b2bd7eac8ef3c378d7ebf6
  languageName: node
  linkType: hard

"colorette@npm:*, colorette@npm:^2.0.20":
  version: 2.0.20
  resolution: "colorette@npm:2.0.20"
  checksum: 10/0b8de48bfa5d10afc160b8eaa2b9938f34a892530b2f7d7897e0458d9535a066e3998b49da9d21161c78225b272df19ae3a64d6df28b4c9734c0e55bbd02406f
  languageName: node
  linkType: hard

"commander@npm:^13.0.0":
  version: 13.0.0
  resolution: "commander@npm:13.0.0"
  checksum: 10/e89d5bf61e84e65e0cfdfcfb740049cf6bcaba63fc32a610375957a2a57373d42f7b00fc64bec5bdde0e547593fa184f869dfabe8a415bc4fd4482edf2fb5ca8
  languageName: node
  linkType: hard

"conventional-changelog-preset-loader@npm:^5.0.0":
  version: 5.0.0
  resolution: "conventional-changelog-preset-loader@npm:5.0.0"
  checksum: 10/7630c2826b43f8f546f0575b46d3eb8c2ac2b5bcfae60b7d1186e9a87f07b7a689d9463afc125a40ab84a030574c9ce7965dd96e6506323e5a7d1ac2b9f2df19
  languageName: node
  linkType: hard

"conventional-commits-filter@npm:^5.0.0":
  version: 5.0.0
  resolution: "conventional-commits-filter@npm:5.0.0"
  checksum: 10/2345546ea9e40412558d508311d7729b38f8d4c0fd554837c10721a432e8598ec1152320f6b601a9c11c023a31bccbb5a12067736b2227de8591f4de707e11a7
  languageName: node
  linkType: hard

"conventional-commits-parser@npm:^6.0.0":
  version: 6.0.0
  resolution: "conventional-commits-parser@npm:6.0.0"
  dependencies:
    meow: "npm:^13.0.0"
  bin:
    conventional-commits-parser: dist/cli/index.js
  checksum: 10/ba754fb5784afff7f265bac1c0e408755174f1a04103e23a9d8f246102f7a7d043da9f67b19e7df93851901446a80c678a40cf5f9b49af153f60a528bdb507ce
  languageName: node
  linkType: hard

"conventional-recommended-bump@npm:^10.0.0":
  version: 10.0.0
  resolution: "conventional-recommended-bump@npm:10.0.0"
  dependencies:
    "@conventional-changelog/git-client": "npm:^1.0.0"
    conventional-changelog-preset-loader: "npm:^5.0.0"
    conventional-commits-filter: "npm:^5.0.0"
    conventional-commits-parser: "npm:^6.0.0"
    meow: "npm:^13.0.0"
  bin:
    conventional-recommended-bump: dist/cli/index.js
  checksum: 10/d4a72f48ceec9947bf6f4ae346574262c8c991930a4b8d6d5d43cfd03bcf9531f74200ce60d43a251fd537b5292668f6480c17fe4ed458b4f84418db2be3af85
  languageName: node
  linkType: hard

"cross-spawn@npm:^7.0.3":
  version: 7.0.6
  resolution: "cross-spawn@npm:7.0.6"
  dependencies:
    path-key: "npm:^3.1.0"
    shebang-command: "npm:^2.0.0"
    which: "npm:^2.0.1"
  checksum: 10/0d52657d7ae36eb130999dffff1168ec348687b48dd38e2ff59992ed916c88d328cf1d07ff4a4a10bc78de5e1c23f04b306d569e42f7a2293915c081e4dfee86
  languageName: node
  linkType: hard

"execa@npm:^8.0.1":
  version: 8.0.1
  resolution: "execa@npm:8.0.1"
  dependencies:
    cross-spawn: "npm:^7.0.3"
    get-stream: "npm:^8.0.1"
    human-signals: "npm:^5.0.0"
    is-stream: "npm:^3.0.0"
    merge-stream: "npm:^2.0.0"
    npm-run-path: "npm:^5.1.0"
    onetime: "npm:^6.0.0"
    signal-exit: "npm:^4.1.0"
    strip-final-newline: "npm:^3.0.0"
  checksum: 10/d2ab5fe1e2bb92b9788864d0713f1fce9a07c4594e272c0c97bc18c90569897ab262e4ea58d27a694d288227a2e24f16f5e2575b44224ad9983b799dc7f1098d
  languageName: node
  linkType: hard

"execa@npm:^9.5.2":
  version: 9.5.2
  resolution: "execa@npm:9.5.2"
  dependencies:
    "@sindresorhus/merge-streams": "npm:^4.0.0"
    cross-spawn: "npm:^7.0.3"
    figures: "npm:^6.1.0"
    get-stream: "npm:^9.0.0"
    human-signals: "npm:^8.0.0"
    is-plain-obj: "npm:^4.1.0"
    is-stream: "npm:^4.0.1"
    npm-run-path: "npm:^6.0.0"
    pretty-ms: "npm:^9.0.0"
    signal-exit: "npm:^4.1.0"
    strip-final-newline: "npm:^4.0.0"
    yoctocolors: "npm:^2.0.0"
  checksum: 10/652fa492e7e1052becba12275aafd1c3d249967a4400f798877aa6c21fafcd8182ee3ce09a54f0379785635f32a4adeef77b2edb83d7e8a55b06819ed102ff2a
  languageName: node
  linkType: hard

"fast-content-type-parse@npm:^2.0.0":
  version: 2.0.1
  resolution: "fast-content-type-parse@npm:2.0.1"
  checksum: 10/ec361f5b79254259dadc8192005ceaa54789e63779f144ec3033bd54710f7cb666d47528aa0b12ea29da13f812a0c5f78ce7bc7d779f400bc612f2c65a5972d5
  languageName: node
  linkType: hard

"figures@npm:^6.1.0":
  version: 6.1.0
  resolution: "figures@npm:6.1.0"
  dependencies:
    is-unicode-supported: "npm:^2.0.0"
  checksum: 10/9822d13630bee8e6a9f2da866713adf13854b07e0bfde042defa8bba32d47a1c0b2afa627ce73837c674cf9a5e3edce7e879ea72cb9ea7960b2390432d8e1167
  languageName: node
  linkType: hard

"get-stream@npm:^8.0.1":
  version: 8.0.1
  resolution: "get-stream@npm:8.0.1"
  checksum: 10/dde5511e2e65a48e9af80fea64aff11b4921b14b6e874c6f8294c50975095af08f41bfb0b680c887f28b566dd6ec2cb2f960f9d36a323359be324ce98b766e9e
  languageName: node
  linkType: hard

"get-stream@npm:^9.0.0":
  version: 9.0.1
  resolution: "get-stream@npm:9.0.1"
  dependencies:
    "@sec-ant/readable-stream": "npm:^0.4.1"
    is-stream: "npm:^4.0.1"
  checksum: 10/ce56e6db6bcd29ca9027b0546af035c3e93dcd154ca456b54c298901eb0e5b2ce799c5d727341a100c99e14c523f267f1205f46f153f7b75b1f4da6d98a21c5e
  languageName: node
  linkType: hard

"git-cliff-darwin-arm64@npm:2.7.0":
  version: 2.7.0
  resolution: "git-cliff-darwin-arm64@npm:2.7.0"
  conditions: os=darwin & cpu=arm64
  languageName: node
  linkType: hard

"git-cliff-darwin-x64@npm:2.7.0":
  version: 2.7.0
  resolution: "git-cliff-darwin-x64@npm:2.7.0"
  conditions: os=darwin & cpu=x64
  languageName: node
  linkType: hard

"git-cliff-linux-arm64@npm:2.7.0":
  version: 2.7.0
  resolution: "git-cliff-linux-arm64@npm:2.7.0"
  conditions: os=linux & cpu=arm64
  languageName: node
  linkType: hard

"git-cliff-linux-x64@npm:2.7.0":
  version: 2.7.0
  resolution: "git-cliff-linux-x64@npm:2.7.0"
  conditions: os=linux & cpu=x64
  languageName: node
  linkType: hard

"git-cliff-windows-arm64@npm:2.7.0":
  version: 2.7.0
  resolution: "git-cliff-windows-arm64@npm:2.7.0"
  conditions: os=win32 & cpu=arm64
  languageName: node
  linkType: hard

"git-cliff-windows-x64@npm:2.7.0":
  version: 2.7.0
  resolution: "git-cliff-windows-x64@npm:2.7.0"
  conditions: os=win32 & cpu=x64
  languageName: node
  linkType: hard

"git-cliff@npm:^2.7.0":
  version: 2.7.0
  resolution: "git-cliff@npm:2.7.0"
  dependencies:
    execa: "npm:^8.0.1"
    git-cliff-darwin-arm64: "npm:2.7.0"
    git-cliff-darwin-x64: "npm:2.7.0"
    git-cliff-linux-arm64: "npm:2.7.0"
    git-cliff-linux-x64: "npm:2.7.0"
    git-cliff-windows-arm64: "npm:2.7.0"
    git-cliff-windows-x64: "npm:2.7.0"
  dependenciesMeta:
    git-cliff-darwin-arm64:
      optional: true
    git-cliff-darwin-x64:
      optional: true
    git-cliff-linux-arm64:
      optional: true
    git-cliff-linux-x64:
      optional: true
    git-cliff-windows-arm64:
      optional: true
    git-cliff-windows-x64:
      optional: true
  bin:
    git-cliff: lib/cli/cli.js
  checksum: 10/70050ea9c8f7a8359dd84c0a0b50ee27b48f5e33e88af7e64fd89a2ed60309d1bbce4eec2819cdb556c933eabdc5291f74e5ad110b9c1e45f54301ef63cf407d
  languageName: node
  linkType: hard

"human-signals@npm:^5.0.0":
  version: 5.0.0
  resolution: "human-signals@npm:5.0.0"
  checksum: 10/30f8870d831cdcd2d6ec0486a7d35d49384996742052cee792854273fa9dd9e7d5db06bb7985d4953e337e10714e994e0302e90dc6848069171b05ec836d65b0
  languageName: node
  linkType: hard

"human-signals@npm:^8.0.0":
  version: 8.0.0
  resolution: "human-signals@npm:8.0.0"
  checksum: 10/89acdc7081ac2a065e41cca7351c4b0fe2382e213b7372f90df6a554e340f31b49388a307adc1d6f4c60b2b4fe81eeff0bc1f44be6f5d844311cd92ccc7831c6
  languageName: node
  linkType: hard

"is-plain-obj@npm:^4.1.0":
  version: 4.1.0
  resolution: "is-plain-obj@npm:4.1.0"
  checksum: 10/6dc45da70d04a81f35c9310971e78a6a3c7a63547ef782e3a07ee3674695081b6ca4e977fbb8efc48dae3375e0b34558d2bcd722aec9bddfa2d7db5b041be8ce
  languageName: node
  linkType: hard

"is-stream@npm:^3.0.0":
  version: 3.0.0
  resolution: "is-stream@npm:3.0.0"
  checksum: 10/172093fe99119ffd07611ab6d1bcccfe8bc4aa80d864b15f43e63e54b7abc71e779acd69afdb854c4e2a67fdc16ae710e370eda40088d1cfc956a50ed82d8f16
  languageName: node
  linkType: hard

"is-stream@npm:^4.0.1":
  version: 4.0.1
  resolution: "is-stream@npm:4.0.1"
  checksum: 10/cbea3f1fc271b21ceb228819d0c12a0965a02b57f39423925f99530b4eb86935235f258f06310b67cd02b2d10b49e9a0998f5ececf110ab7d3760bae4055ad23
  languageName: node
  linkType: hard

"is-unicode-supported@npm:^2.0.0":
  version: 2.0.0
  resolution: "is-unicode-supported@npm:2.0.0"
  checksum: 10/000b80639dedaf59a385f1c0a57f97a4d1435e0723716f24cc19ad94253a7a0a9f838bdc9ac49b10a29ac93b01f52ae9b2ed358a8876caf1eb74d73b4ede92b2
  languageName: node
  linkType: hard

"isexe@npm:^2.0.0":
  version: 2.0.0
  resolution: "isexe@npm:2.0.0"
  checksum: 10/7c9f715c03aff08f35e98b1fadae1b9267b38f0615d501824f9743f3aab99ef10e303ce7db3f186763a0b70a19de5791ebfc854ff884d5a8c4d92211f642ec92
  languageName: node
  linkType: hard

"js-yaml@npm:^4.1.0":
  version: 4.1.0
  resolution: "js-yaml@npm:4.1.0"
  dependencies:
    argparse: "npm:^2.0.1"
  bin:
    js-yaml: bin/js-yaml.js
  checksum: 10/c138a34a3fd0d08ebaf71273ad4465569a483b8a639e0b118ff65698d257c2791d3199e3f303631f2cb98213fa7b5f5d6a4621fd0fff819421b990d30d967140
  languageName: node
  linkType: hard

"meow@npm:^13.0.0":
  version: 13.2.0
  resolution: "meow@npm:13.2.0"
  checksum: 10/4eff5bc921fed0b8a471ad79069d741a0210036d717547d0c7f36fdaf84ef7a3036225f38b6a53830d84dc9cbf8b944b097fde62381b8b5b215119e735ce1063
  languageName: node
  linkType: hard

"merge-stream@npm:^2.0.0":
  version: 2.0.0
  resolution: "merge-stream@npm:2.0.0"
  checksum: 10/6fa4dcc8d86629705cea944a4b88ef4cb0e07656ebf223fa287443256414283dd25d91c1cd84c77987f2aec5927af1a9db6085757cb43d90eb170ebf4b47f4f4
  languageName: node
  linkType: hard

"mimic-fn@npm:^4.0.0":
  version: 4.0.0
  resolution: "mimic-fn@npm:4.0.0"
  checksum: 10/995dcece15ee29aa16e188de6633d43a3db4611bcf93620e7e62109ec41c79c0f34277165b8ce5e361205049766e371851264c21ac64ca35499acb5421c2ba56
  languageName: node
  linkType: hard

"npm-run-path@npm:^5.1.0":
  version: 5.3.0
  resolution: "npm-run-path@npm:5.3.0"
  dependencies:
    path-key: "npm:^4.0.0"
  checksum: 10/ae8e7a89da9594fb9c308f6555c73f618152340dcaae423e5fb3620026fefbec463618a8b761920382d666fa7a2d8d240b6fe320e8a6cdd54dc3687e2b659d25
  languageName: node
  linkType: hard

"npm-run-path@npm:^6.0.0":
  version: 6.0.0
  resolution: "npm-run-path@npm:6.0.0"
  dependencies:
    path-key: "npm:^4.0.0"
    unicorn-magic: "npm:^0.3.0"
  checksum: 10/1a1b50aba6e6af7fd34a860ba2e252e245c4a59b316571a990356417c0cdf0414cabf735f7f52d9c330899cb56f0ab804a8e21fb12a66d53d7843e39ada4a3b6
  languageName: node
  linkType: hard

"onetime@npm:^6.0.0":
  version: 6.0.0
  resolution: "onetime@npm:6.0.0"
  dependencies:
    mimic-fn: "npm:^4.0.0"
  checksum: 10/0846ce78e440841335d4e9182ef69d5762e9f38aa7499b19f42ea1c4cd40f0b4446094c455c713f9adac3f4ae86f613bb5e30c99e52652764d06a89f709b3788
  languageName: node
  linkType: hard

"parse-ms@npm:^4.0.0":
  version: 4.0.0
  resolution: "parse-ms@npm:4.0.0"
  checksum: 10/673c801d9f957ff79962d71ed5a24850163f4181a90dd30c4e3666b3a804f53b77f1f0556792e8b2adbb5d58757907d1aa51d7d7dc75997c2a56d72937cbc8b7
  languageName: node
  linkType: hard

"path-key@npm:^3.1.0":
  version: 3.1.1
  resolution: "path-key@npm:3.1.1"
  checksum: 10/55cd7a9dd4b343412a8386a743f9c746ef196e57c823d90ca3ab917f90ab9f13dd0ded27252ba49dbdfcab2b091d998bc446f6220cd3cea65db407502a740020
  languageName: node
  linkType: hard

"path-key@npm:^4.0.0":
  version: 4.0.0
  resolution: "path-key@npm:4.0.0"
  checksum: 10/8e6c314ae6d16b83e93032c61020129f6f4484590a777eed709c4a01b50e498822b00f76ceaf94bc64dbd90b327df56ceadce27da3d83393790f1219e07721d7
  languageName: node
  linkType: hard

"pretty-ms@npm:^9.0.0":
  version: 9.0.0
  resolution: "pretty-ms@npm:9.0.0"
  dependencies:
    parse-ms: "npm:^4.0.0"
  checksum: 10/b11e1eda41a2efcc16aab218392c8e457a8ae5c8edf63aafba0477123426b1268136b9b532cbfd84625bcb826739120ec8490286dab66102b9f09e717bdb4e45
  languageName: node
  linkType: hard

"semver@npm:^7.5.2, semver@npm:^7.6.3":
  version: 7.6.3
  resolution: "semver@npm:7.6.3"
  bin:
    semver: bin/semver.js
  checksum: 10/36b1fbe1a2b6f873559cd57b238f1094a053dbfd997ceeb8757d79d1d2089c56d1321b9f1069ce263dc64cfa922fa1d2ad566b39426fe1ac6c723c1487589e10
  languageName: node
  linkType: hard

"shebang-command@npm:^2.0.0":
  version: 2.0.0
  resolution: "shebang-command@npm:2.0.0"
  dependencies:
    shebang-regex: "npm:^3.0.0"
  checksum: 10/6b52fe87271c12968f6a054e60f6bde5f0f3d2db483a1e5c3e12d657c488a15474121a1d55cd958f6df026a54374ec38a4a963988c213b7570e1d51575cea7fa
  languageName: node
  linkType: hard

"shebang-regex@npm:^3.0.0":
  version: 3.0.0
  resolution: "shebang-regex@npm:3.0.0"
  checksum: 10/1a2bcae50de99034fcd92ad4212d8e01eedf52c7ec7830eedcf886622804fe36884278f2be8be0ea5fde3fd1c23911643a4e0f726c8685b61871c8908af01222
  languageName: node
  linkType: hard

"signal-exit@npm:^4.1.0":
  version: 4.1.0
  resolution: "signal-exit@npm:4.1.0"
  checksum: 10/c9fa63bbbd7431066174a48ba2dd9986dfd930c3a8b59de9c29d7b6854ec1c12a80d15310869ea5166d413b99f041bfa3dd80a7947bcd44ea8e6eb3ffeabfa1f
  languageName: node
  linkType: hard

"smol-toml@npm:^1.3.1":
  version: 1.3.1
  resolution: "smol-toml@npm:1.3.1"
  checksum: 10/b999828ea46cf44ae90b6293884d6a139dfb4545ac6f86cbd1002568a943a43d8895ad82413855d095eec0c0bc21d23413c0a25a26c7fad6395c2ce42c2fdbd0
  languageName: node
  linkType: hard

"strip-final-newline@npm:^3.0.0":
  version: 3.0.0
  resolution: "strip-final-newline@npm:3.0.0"
  checksum: 10/23ee263adfa2070cd0f23d1ac14e2ed2f000c9b44229aec9c799f1367ec001478469560abefd00c5c99ee6f0b31c137d53ec6029c53e9f32a93804e18c201050
  languageName: node
  linkType: hard

"strip-final-newline@npm:^4.0.0":
  version: 4.0.0
  resolution: "strip-final-newline@npm:4.0.0"
  checksum: 10/b5fe48f695d74863153a3b3155220e6e9bf51f4447832998c8edec38e6559b3af87a9fe5ac0df95570a78a26f5fa91701358842eab3c15480e27980b154a145f
  languageName: node
  linkType: hard

"unicorn-magic@npm:^0.3.0":
  version: 0.3.0
  resolution: "unicorn-magic@npm:0.3.0"
  checksum: 10/bdd7d7c522f9456f32a0b77af23f8854f9a7db846088c3868ec213f9550683ab6a2bdf3803577eacbafddb4e06900974385841ccb75338d17346ccef45f9cb01
  languageName: node
  linkType: hard

"universal-user-agent@npm:^7.0.0, universal-user-agent@npm:^7.0.2":
  version: 7.0.2
  resolution: "universal-user-agent@npm:7.0.2"
  checksum: 10/3f02cb6de0bb9fbaf379566bd0320d8e46af6e4358a2e88fce7e70687ed7b48b37f479d728bb22f4204a518e363f3038ac4841c033af1ee2253f6428a6c67e53
  languageName: node
  linkType: hard

"which@npm:^2.0.1":
  version: 2.0.2
  resolution: "which@npm:2.0.2"
  dependencies:
    isexe: "npm:^2.0.0"
  bin:
    node-which: ./bin/node-which
  checksum: 10/4782f8a1d6b8fc12c65e968fea49f59752bf6302dc43036c3bf87da718a80710f61a062516e9764c70008b487929a73546125570acea95c5b5dcc8ac3052c70f
  languageName: node
  linkType: hard

"yoctocolors@npm:^2.0.0":
  version: 2.0.2
  resolution: "yoctocolors@npm:2.0.2"
  checksum: 10/cac20504b5fc954ff117e3a3fbde09db8ac0807bba59e68c5c08f3a43173ef46ccb1853b15b37bd96d0d8187bc444627f160fee7e5aede0b421382cf379d2438
  languageName: node
  linkType: hard
