# This file is generated by running "yarn install" inside your project.
# Manual changes might be lost - proceed with caution!

__metadata:
  version: 6
  cacheKey: 8

"@favware/cliff-jumper@npm:^2.1.2":
  version: 2.1.2
  resolution: "@favware/cliff-jumper@npm:2.1.2"
  dependencies:
    "@sapphire/result": ^2.6.4
    "@sapphire/utilities": 3.13.0
    colorette: ^2.0.20
    commander: ^11.0.0
    compare-func: ^2.0.0
    conventional-recommended-bump: ^8.0.0
    git-cliff: ~1.2.0
    js-yaml: ^4.1.0
    semver: ^7.5.4
  bin:
    cj: ./dist/cli.js
    cliff-jumper: ./dist/cli.js
  checksum: 17921347e14067460b135e5ef6c8fc093d0aae878668436a8475745391c8c2c94280ead7433b10c7b8f75797e9f4d078363a0c5e5e3615ec8773cd6ab503a0c7
  languageName: node
  linkType: hard

"@favware/skip-dependency@workspace:.":
  version: 0.0.0-use.local
  resolution: "@favware/skip-dependency@workspace:."
  dependencies:
    "@favware/cliff-jumper": ^2.1.2
  languageName: unknown
  linkType: soft

"@sapphire/result@npm:^2.6.4":
  version: 2.6.4
  resolution: "@sapphire/result@npm:2.6.4"
  checksum: 37d8af05544bf6fcb9b10cf4aa4d60ab0f0798c4e302f4e401f63b1347602b89b10cbbf6fe789681dc2060ad15c3093c96f86dfbee6ac463dba060cb731d7208
  languageName: node
  linkType: hard

"@sapphire/utilities@npm:3.13.0":
  version: 3.13.0
  resolution: "@sapphire/utilities@npm:3.13.0"
  checksum: c2f901c104459e01a24af71871294b700ff188925cf050558880486de6564792df2b7549796dd9fd6f309c12af7d4e2b2d2f4069ec9d4c27d9c3998eca3ac9a9
  languageName: node
  linkType: hard

"JSONStream@npm:^1.3.5":
  version: 1.3.5
  resolution: "JSONStream@npm:1.3.5"
  dependencies:
    jsonparse: ^1.2.0
    through: ">=2.2.7 <3"
  bin:
    JSONStream: ./bin.js
  checksum: 2605fa124260c61bad38bb65eba30d2f72216a78e94d0ab19b11b4e0327d572b8d530c0c9cc3b0764f727ad26d39e00bf7ebad57781ca6368394d73169c59e46
  languageName: node
  linkType: hard

"argparse@npm:^2.0.1":
  version: 2.0.1
  resolution: "argparse@npm:2.0.1"
  checksum: 83644b56493e89a254bae05702abf3a1101b4fa4d0ca31df1c9985275a5a5bd47b3c27b7fa0b71098d41114d8ca000e6ed90cad764b306f8a503665e4d517ced
  languageName: node
  linkType: hard

"array-ify@npm:^1.0.0":
  version: 1.0.0
  resolution: "array-ify@npm:1.0.0"
  checksum: c0502015b319c93dd4484f18036bcc4b654eb76a4aa1f04afbcef11ac918859bb1f5d71ba1f0f1141770db9eef1a4f40f1761753650873068010bbf7bcdae4a4
  languageName: node
  linkType: hard

"buffer-from@npm:^1.0.0":
  version: 1.1.2
  resolution: "buffer-from@npm:1.1.2"
  checksum: 0448524a562b37d4d7ed9efd91685a5b77a50672c556ea254ac9a6d30e3403a517d8981f10e565db24e8339413b43c97ca2951f10e399c6125a0d8911f5679bb
  languageName: node
  linkType: hard

"colorette@npm:^2.0.20":
  version: 2.0.20
  resolution: "colorette@npm:2.0.20"
  checksum: 0c016fea2b91b733eb9f4bcdb580018f52c0bc0979443dad930e5037a968237ac53d9beb98e218d2e9235834f8eebce7f8e080422d6194e957454255bde71d3d
  languageName: node
  linkType: hard

"commander@npm:^11.0.0":
  version: 11.0.0
  resolution: "commander@npm:11.0.0"
  checksum: 6621954e1e1d078b4991c1f5bbd9439ad37aa7768d6ab4842de1dbd4d222c8a27e1b8e62108b3a92988614af45031d5bb2a2aaa92951f4d0c934d1a1ac564bb4
  languageName: node
  linkType: hard

"compare-func@npm:^2.0.0":
  version: 2.0.0
  resolution: "compare-func@npm:2.0.0"
  dependencies:
    array-ify: ^1.0.0
    dot-prop: ^5.1.0
  checksum: fb71d70632baa1e93283cf9d80f30ac97f003aabee026e0b4426c9716678079ef5fea7519b84d012cbed938c476493866a38a79760564a9e21ae9433e40e6f0d
  languageName: node
  linkType: hard

"concat-stream@npm:^2.0.0":
  version: 2.0.0
  resolution: "concat-stream@npm:2.0.0"
  dependencies:
    buffer-from: ^1.0.0
    inherits: ^2.0.3
    readable-stream: ^3.0.2
    typedarray: ^0.0.6
  checksum: d7f75d48f0ecd356c1545d87e22f57b488172811b1181d96021c7c4b14ab8855f5313280263dca44bb06e5222f274d047da3e290a38841ef87b59719bde967c7
  languageName: node
  linkType: hard

"conventional-changelog-preset-loader@npm:^4.0.0":
  version: 4.0.0
  resolution: "conventional-changelog-preset-loader@npm:4.0.0"
  checksum: 1f8859c0b8ccac8858af2913f4dd7c9b8412af98648a0de61b4449d4a331075b892653c649aa0ed82d2d72b6731c882b5627bd423525349bdff645c04b15d5f6
  languageName: node
  linkType: hard

"conventional-commits-filter@npm:^4.0.0":
  version: 4.0.0
  resolution: "conventional-commits-filter@npm:4.0.0"
  checksum: 46d2d90531f024d596f61d353876276e5357adb5c4684e042467bb7d159feb0a2831b74656bd3038ac9ec38d99b0b24ac39f319ad511861e1299c4cdfb5a119a
  languageName: node
  linkType: hard

"conventional-commits-parser@npm:^5.0.0":
  version: 5.0.0
  resolution: "conventional-commits-parser@npm:5.0.0"
  dependencies:
    JSONStream: ^1.3.5
    is-text-path: ^2.0.0
    meow: ^12.0.1
    split2: ^4.0.0
  bin:
    conventional-commits-parser: cli.mjs
  checksum: bb92a0bfe41802330d2d14ddb0f912fd65dd355f1aa294e708f4891aac95c580919a70580b9f26563c24c3335baaed2ce003104394a8fa5ba61eeb3889e45df0
  languageName: node
  linkType: hard

"conventional-recommended-bump@npm:^8.0.0":
  version: 8.0.0
  resolution: "conventional-recommended-bump@npm:8.0.0"
  dependencies:
    concat-stream: ^2.0.0
    conventional-changelog-preset-loader: ^4.0.0
    conventional-commits-filter: ^4.0.0
    conventional-commits-parser: ^5.0.0
    git-raw-commits: ^4.0.0
    git-semver-tags: ^6.0.0
    meow: ^12.0.1
  bin:
    conventional-recommended-bump: cli.mjs
  checksum: bc53495dc6aa9f5e93755a478857550ce8710eede11bffb03371e0b7baa392b0ec6a64927efeb9b0df30e2ede3af56c929a4bfb22191c7cc14e61f5306a97c63
  languageName: node
  linkType: hard

"dargs@npm:^8.0.0":
  version: 8.1.0
  resolution: "dargs@npm:8.1.0"
  checksum: 33f1b8f5f08e72c8a28355a87c0e1a9b6a0fec99252ecd9cf4735e65dd5f2e19747c860251ed5747b38e7204c7915fd7a7146aee5aaef5882c69169aae8b1d09
  languageName: node
  linkType: hard

"dot-prop@npm:^5.1.0":
  version: 5.3.0
  resolution: "dot-prop@npm:5.3.0"
  dependencies:
    is-obj: ^2.0.0
  checksum: d5775790093c234ef4bfd5fbe40884ff7e6c87573e5339432870616331189f7f5d86575c5b5af2dcf0f61172990f4f734d07844b1f23482fff09e3c4bead05ea
  languageName: node
  linkType: hard

"git-cliff-darwin-arm64@npm:1.2.0":
  version: 1.2.0
  resolution: "git-cliff-darwin-arm64@npm:1.2.0"
  conditions: os=darwin & cpu=arm64
  languageName: node
  linkType: hard

"git-cliff-darwin-x64@npm:1.2.0":
  version: 1.2.0
  resolution: "git-cliff-darwin-x64@npm:1.2.0"
  conditions: os=darwin & cpu=x64
  languageName: node
  linkType: hard

"git-cliff-linux-arm64@npm:1.2.0":
  version: 1.2.0
  resolution: "git-cliff-linux-arm64@npm:1.2.0"
  conditions: os=linux & cpu=arm64
  languageName: node
  linkType: hard

"git-cliff-linux-x64@npm:1.2.0":
  version: 1.2.0
  resolution: "git-cliff-linux-x64@npm:1.2.0"
  conditions: os=linux & cpu=x64
  languageName: node
  linkType: hard

"git-cliff-windows-arm64@npm:1.2.0":
  version: 1.2.0
  resolution: "git-cliff-windows-arm64@npm:1.2.0"
  conditions: os=win32 & cpu=arm64
  languageName: node
  linkType: hard

"git-cliff-windows-x64@npm:1.2.0":
  version: 1.2.0
  resolution: "git-cliff-windows-x64@npm:1.2.0"
  conditions: os=win32 & cpu=x64
  languageName: node
  linkType: hard

"git-cliff@npm:~1.2.0":
  version: 1.2.0
  resolution: "git-cliff@npm:1.2.0"
  dependencies:
    git-cliff-darwin-arm64: 1.2.0
    git-cliff-darwin-x64: 1.2.0
    git-cliff-linux-arm64: 1.2.0
    git-cliff-linux-x64: 1.2.0
    git-cliff-windows-arm64: 1.2.0
    git-cliff-windows-x64: 1.2.0
  dependenciesMeta:
    git-cliff-darwin-arm64:
      optional: true
    git-cliff-darwin-x64:
      optional: true
    git-cliff-linux-arm64:
      optional: true
    git-cliff-linux-x64:
      optional: true
    git-cliff-windows-arm64:
      optional: true
    git-cliff-windows-x64:
      optional: true
  bin:
    git-cliff: lib/index.js
  checksum: f9081a5fd13db895e95f5c72194a3a9d4dfdfddbae748384b5f15d97dd65f5002a4318f0491c9fda0e9b45f6ddeb634b98ff4751e51123946754642545248474
  languageName: node
  linkType: hard

"git-raw-commits@npm:^4.0.0":
  version: 4.0.0
  resolution: "git-raw-commits@npm:4.0.0"
  dependencies:
    dargs: ^8.0.0
    meow: ^12.0.1
    split2: ^4.0.0
  bin:
    git-raw-commits: cli.mjs
  checksum: 95546f4afcb33cf00ff638f7fec55ad61d4d927447737900e1f6fcbbdbb341b3f150908424cc62acb6d9faaea6f1e8f55d0697b899f0589af9d2733afb20abfb
  languageName: node
  linkType: hard

"git-semver-tags@npm:^6.0.0":
  version: 6.0.0
  resolution: "git-semver-tags@npm:6.0.0"
  dependencies:
    meow: ^12.0.1
    semver: ^7.5.2
  bin:
    git-semver-tags: cli.mjs
  checksum: 9e95149630c65ae6195ef40d9faeb9b4fc8b8fcf67c92fa6d31333388a0636a9fadc1a63489c1353eb52caa64b26728075cd488be81d7edd6ce19312cc51a42d
  languageName: node
  linkType: hard

"inherits@npm:^2.0.3":
  version: 2.0.4
  resolution: "inherits@npm:2.0.4"
  checksum: 4a48a733847879d6cf6691860a6b1e3f0f4754176e4d71494c41f3475553768b10f84b5ce1d40fbd0e34e6bfbb864ee35858ad4dd2cf31e02fc4a154b724d7f1
  languageName: node
  linkType: hard

"is-obj@npm:^2.0.0":
  version: 2.0.0
  resolution: "is-obj@npm:2.0.0"
  checksum: c9916ac8f4621962a42f5e80e7ffdb1d79a3fab7456ceaeea394cd9e0858d04f985a9ace45be44433bf605673c8be8810540fe4cc7f4266fc7526ced95af5a08
  languageName: node
  linkType: hard

"is-text-path@npm:^2.0.0":
  version: 2.0.0
  resolution: "is-text-path@npm:2.0.0"
  dependencies:
    text-extensions: ^2.0.0
  checksum: 3a8725fc7c0d4c7741a97993bc2fecc09a0963660394d3ee76145274366c98ad57c6791d20d4ef829835f573b1137265051c05ecd65fbe72f69bb9ab9e3babbd
  languageName: node
  linkType: hard

"js-yaml@npm:^4.1.0":
  version: 4.1.0
  resolution: "js-yaml@npm:4.1.0"
  dependencies:
    argparse: ^2.0.1
  bin:
    js-yaml: bin/js-yaml.js
  checksum: c7830dfd456c3ef2c6e355cc5a92e6700ceafa1d14bba54497b34a99f0376cecbb3e9ac14d3e5849b426d5a5140709a66237a8c991c675431271c4ce5504151a
  languageName: node
  linkType: hard

"jsonparse@npm:^1.2.0":
  version: 1.3.1
  resolution: "jsonparse@npm:1.3.1"
  checksum: 6514a7be4674ebf407afca0eda3ba284b69b07f9958a8d3113ef1005f7ec610860c312be067e450c569aab8b89635e332cee3696789c750692bb60daba627f4d
  languageName: node
  linkType: hard

"lru-cache@npm:^6.0.0":
  version: 6.0.0
  resolution: "lru-cache@npm:6.0.0"
  dependencies:
    yallist: ^4.0.0
  checksum: f97f499f898f23e4585742138a22f22526254fdba6d75d41a1c2526b3b6cc5747ef59c5612ba7375f42aca4f8461950e925ba08c991ead0651b4918b7c978297
  languageName: node
  linkType: hard

"meow@npm:^12.0.1":
  version: 12.1.1
  resolution: "meow@npm:12.1.1"
  checksum: a6f3be85fbe53430ef53ab933dd790c39216eb4dbaabdbef593aa59efb40ecaa417897000175476bc33eed09e4cbce01df7ba53ba91e9a4bd84ec07024cb8914
  languageName: node
  linkType: hard

"readable-stream@npm:^3.0.2":
  version: 3.6.0
  resolution: "readable-stream@npm:3.6.0"
  dependencies:
    inherits: ^2.0.3
    string_decoder: ^1.1.1
    util-deprecate: ^1.0.1
  checksum: d4ea81502d3799439bb955a3a5d1d808592cf3133350ed352aeaa499647858b27b1c4013984900238b0873ec8d0d8defce72469fb7a83e61d53f5ad61cb80dc8
  languageName: node
  linkType: hard

"safe-buffer@npm:~5.2.0":
  version: 5.2.1
  resolution: "safe-buffer@npm:5.2.1"
  checksum: b99c4b41fdd67a6aaf280fcd05e9ffb0813654894223afb78a31f14a19ad220bba8aba1cb14eddce1fcfb037155fe6de4e861784eb434f7d11ed58d1e70dd491
  languageName: node
  linkType: hard

"semver@npm:^7.5.2, semver@npm:^7.5.4":
  version: 7.5.4
  resolution: "semver@npm:7.5.4"
  dependencies:
    lru-cache: ^6.0.0
  bin:
    semver: bin/semver.js
  checksum: 12d8ad952fa353b0995bf180cdac205a4068b759a140e5d3c608317098b3575ac2f1e09182206bf2eb26120e1c0ed8fb92c48c592f6099680de56bb071423ca3
  languageName: node
  linkType: hard

"split2@npm:^4.0.0":
  version: 4.2.0
  resolution: "split2@npm:4.2.0"
  checksum: 05d54102546549fe4d2455900699056580cca006c0275c334611420f854da30ac999230857a85fdd9914dc2109ae50f80fda43d2a445f2aa86eccdc1dfce779d
  languageName: node
  linkType: hard

"string_decoder@npm:^1.1.1":
  version: 1.3.0
  resolution: "string_decoder@npm:1.3.0"
  dependencies:
    safe-buffer: ~5.2.0
  checksum: 8417646695a66e73aefc4420eb3b84cc9ffd89572861fe004e6aeb13c7bc00e2f616247505d2dbbef24247c372f70268f594af7126f43548565c68c117bdeb56
  languageName: node
  linkType: hard

"text-extensions@npm:^2.0.0":
  version: 2.4.0
  resolution: "text-extensions@npm:2.4.0"
  checksum: 9bdbc9959e004ccc86a6ec076d6c5bb6765978263e9d0d5febb640d7675c09919ea912f3fe9d50b68c3c7c43cc865610a7cb24954343abb31f74c205fbae4e45
  languageName: node
  linkType: hard

"through@npm:>=2.2.7 <3":
  version: 2.3.8
  resolution: "through@npm:2.3.8"
  checksum: a38c3e059853c494af95d50c072b83f8b676a9ba2818dcc5b108ef252230735c54e0185437618596c790bbba8fcdaef5b290405981ffa09dce67b1f1bf190cbd
  languageName: node
  linkType: hard

"typedarray@npm:^0.0.6":
  version: 0.0.6
  resolution: "typedarray@npm:0.0.6"
  checksum: 33b39f3d0e8463985eeaeeacc3cb2e28bc3dfaf2a5ed219628c0b629d5d7b810b0eb2165f9f607c34871d5daa92ba1dc69f49051cf7d578b4cbd26c340b9d1b1
  languageName: node
  linkType: hard

"util-deprecate@npm:^1.0.1":
  version: 1.0.2
  resolution: "util-deprecate@npm:1.0.2"
  checksum: 474acf1146cb2701fe3b074892217553dfcf9a031280919ba1b8d651a068c9b15d863b7303cb15bd00a862b498e6cf4ad7b4a08fb134edd5a6f7641681cb54a2
  languageName: node
  linkType: hard

"yallist@npm:^4.0.0":
  version: 4.0.0
  resolution: "yallist@npm:4.0.0"
  checksum: 343617202af32df2a15a3be36a5a8c0c8545208f3d3dfbc6bb7c3e3b7e8c6f8e7485432e4f3b88da3031a6e20afa7c711eded32ddfb122896ac5d914e75848d5
  languageName: node
  linkType: hard
